// !$*UTF8*$!
{
	archiveVersion = 1;
	classes = {
	};
	objectVersion = 50;
	objects = {

/* Begin PBXBuildFile section */
		208D45DB244930BB003F704E /* AppDelegate.swift in Sources */ = {isa = PBXBuildFile; fileRef = 208D45DA244930BB003F704E /* AppDelegate.swift */; };
		208D45DD244930BB003F704E /* SceneDelegate.swift in Sources */ = {isa = PBXBuildFile; fileRef = 208D45DC244930BB003F704E /* SceneDelegate.swift */; };
		208D45E2244930BB003F704E /* Main.storyboard in Resources */ = {isa = PBXBuildFile; fileRef = 208D45E0244930BB003F704E /* Main.storyboard */; };
		208D45E4244930BC003F704E /* Assets.xcassets in Resources */ = {isa = PBXBuildFile; fileRef = 208D45E3244930BC003F704E /* Assets.xcassets */; };
		208D45E7244930BD003F704E /* LaunchScreen.storyboard in Resources */ = {isa = PBXBuildFile; fileRef = 208D45E5244930BC003F704E /* LaunchScreen.storyboard */; };
		208D45F224493348003F704E /* ViewController.swift in Sources */ = {isa = PBXBuildFile; fileRef = 208D45F124493348003F704E /* ViewController.swift */; };
		208D45F424493F5F003F704E /* WebAssets in Resources */ = {isa = PBXBuildFile; fileRef = 208D45F324493F5F003F704E /* WebAssets */; };
/* End PBXBuildFile section */

/* Begin PBXFileReference section */
		208D45D7244930BB003F704E /* iOS Setup.app */ = {isa = PBXFileReference; explicitFileType = wrapper.application; includeInIndex = 0; path = "iOS Setup.app"; sourceTree = BUILT_PRODUCTS_DIR; };
		208D45DA244930BB003F704E /* AppDelegate.swift */ = {isa = PBXFileReference; lastKnownFileType = sourcecode.swift; path = AppDelegate.swift; sourceTree = "<group>"; };
		208D45DC244930BB003F704E /* SceneDelegate.swift */ = {isa = PBXFileReference; lastKnownFileType = sourcecode.swift; path = SceneDelegate.swift; sourceTree = "<group>"; };
		208D45E1244930BB003F704E /* Base */ = {isa = PBXFileReference; lastKnownFileType = file.storyboard; name = Base; path = Base.lproj/Main.storyboard; sourceTree = "<group>"; };
		208D45E3244930BC003F704E /* Assets.xcassets */ = {isa = PBXFileReference; lastKnownFileType = folder.assetcatalog; path = Assets.xcassets; sourceTree = "<group>"; };
		208D45E6244930BC003F704E /* Base */ = {isa = PBXFileReference; lastKnownFileType = file.storyboard; name = Base; path = Base.lproj/LaunchScreen.storyboard; sourceTree = "<group>"; };
		208D45E8244930BD003F704E /* Info.plist */ = {isa = PBXFileReference; lastKnownFileType = text.plist.xml; path = Info.plist; sourceTree = "<group>"; };
		208D45F124493348003F704E /* ViewController.swift */ = {isa = PBXFileReference; lastKnownFileType = sourcecode.swift; path = ViewController.swift; sourceTree = "<group>"; };
		208D45F324493F5F003F704E /* WebAssets */ = {isa = PBXFileReference; lastKnownFileType = folder; path = WebAssets; sourceTree = "<group>"; };
/* End PBXFileReference section */

/* Begin PBXFrameworksBuildPhase section */
		208D45D4244930BB003F704E /* Frameworks */ = {
			isa = PBXFrameworksBuildPhase;
			buildActionMask = 2147483647;
			files = (
			);
			runOnlyForDeploymentPostprocessing = 0;
		};
/* End PBXFrameworksBuildPhase section */

/* Begin PBXGroup section */
		208D45CE244930BB003F704E = {
			isa = PBXGroup;
			children = (
				208D45D9244930BB003F704E /* iOS Setup */,
				208D45D8244930BB003F704E /* Products */,
			);
			sourceTree = "<group>";
		};
		208D45D8244930BB003F704E /* Products */ = {
			isa = PBXGroup;
			children = (
				208D45D7244930BB003F704E /* iOS Setup.app */,
			);
			name = Products;
			sourceTree = "<group>";
		};
		208D45D9244930BB003F704E /* iOS Setup */ = {
			isa = PBXGroup;
			children = (
				208D45F324493F5F003F704E /* WebAssets */,
				208D45DA244930BB003F704E /* AppDelegate.swift */,
				208D45DC244930BB003F704E /* SceneDelegate.swift */,
				208D45F124493348003F704E /* ViewController.swift */,
				208D45E0244930BB003F704E /* Main.storyboard */,
				208D45E3244930BC003F704E /* Assets.xcassets */,
				208D45E5244930BC003F704E /* LaunchScreen.storyboard */,
				208D45E8244930BD003F704E /* Info.plist */,
			);
			path = "iOS Setup";
			sourceTree = "<group>";
		};
/* End PBXGroup section */

/* Begin PBXNativeTarget section */
		208D45D6244930BB003F704E /* iOS Setup */ = {
			isa = PBXNativeTarget;
			buildConfigurationList = 208D45EB244930BD003F704E /* Build configuration list for PBXNativeTarget "iOS Setup" */;
			buildPhases = (
				208D45D3244930BB003F704E /* Sources */,
				208D45D4244930BB003F704E /* Frameworks */,
				208D45D5244930BB003F704E /* Resources */,
			);
			buildRules = (
			);
			dependencies = (
			);
			name = "iOS Setup";
			productName = "iOS Setup";
			productReference = 208D45D7244930BB003F704E /* iOS Setup.app */;
			productType = "com.apple.product-type.application";
		};
/* End PBXNativeTarget section */

/* Begin PBXProject section */
		208D45CF244930BB003F704E /* Project object */ = {
			isa = PBXProject;
			attributes = {
				LastSwiftUpdateCheck = 1140;
				LastUpgradeCheck = 1140;
				ORGANIZATIONNAME = "John Frost";
				TargetAttributes = {
					208D45D6244930BB003F704E = {
						CreatedOnToolsVersion = 11.4.1;
					};
				};
			};
			buildConfigurationList = 208D45D2244930BB003F704E /* Build configuration list for PBXProject "iOS Setup" */;
			compatibilityVersion = "Xcode 9.3";
			developmentRegion = en;
			hasScannedForEncodings = 0;
			knownRegions = (
				en,
				Base,
			);
			mainGroup = 208D45CE244930BB003F704E;
			productRefGroup = 208D45D8244930BB003F704E /* Products */;
			projectDirPath = "";
			projectRoot = "";
			targets = (
				208D45D6244930BB003F704E /* iOS Setup */,
			);
		};
/* End PBXProject section */

/* Begin PBXResourcesBuildPhase section */
		208D45D5244930BB003F704E /* Resources */ = {
			isa = PBXResourcesBuildPhase;
			buildActionMask = 2147483647;
			files = (
				208D45F424493F5F003F704E /* WebAssets in Resources */,
				208D45E7244930BD003F704E /* LaunchScreen.storyboard in Resources */,
				208D45E4244930BC003F704E /* Assets.xcassets in Resources */,
				208D45E2244930BB003F704E /* Main.storyboard in Resources */,
			);
			runOnlyForDeploymentPostprocessing = 0;
		};
/* End PBXResourcesBuildPhase section */

/* Begin PBXSourcesBuildPhase section */
		208D45D3244930BB003F704E /* Sources */ = {
			isa = PBXSourcesBuildPhase;
			buildActionMask = 2147483647;
			files = (
				208D45DB244930BB003F704E /* AppDelegate.swift in Sources */,
				208D45F224493348003F704E /* ViewController.swift in Sources */,
				208D45DD244930BB003F704E /* SceneDelegate.swift in Sources */,
			);
			runOnlyForDeploymentPostprocessing = 0;
		};
/* End PBXSourcesBuildPhase section */

/* Begin PBXVariantGroup section */
		208D45E0244930BB003F704E /* Main.storyboard */ = {
			isa = PBXVariantGroup;
			children = (
				208D45E1244930BB003F704E /* Base */,
			);
			name = Main.storyboard;
			sourceTree = "<group>";
		};
		208D45E5244930BC003F704E /* LaunchScreen.storyboard */ = {
			isa = PBXVariantGroup;
			children = (
				208D45E6244930BC003F704E /* Base */,
			);
			name = LaunchScreen.storyboard;
			sourceTree = "<group>";
		};
/* End PBXVariantGroup section */

/* Begin XCBuildConfiguration section */
		208D45E9244930BD003F704E /* Debug */ = {
			isa = XCBuildConfiguration;
			buildSettings = {
				ALWAYS_SEARCH_USER_PATHS = NO;
				CLANG_ANALYZER_NONNULL = YES;
				CLANG_ANALYZER_NUMBER_OBJECT_CONVERSION = YES_AGGRESSIVE;
				CLANG_CXX_LANGUAGE_STANDARD = "gnu++14";
				CLANG_CXX_LIBRARY = "libc++";
				CLANG_ENABLE_MODULES = YES;
				CLANG_ENABLE_OBJC_ARC = YES;
				CLANG_ENABLE_OBJC_WEAK = YES;
				CLANG_WARN_BLOCK_CAPTURE_AUTORELEASING = YES;
				CLANG_WARN_BOOL_CONVERSION = YES;
				CLANG_WARN_COMMA = YES;
				CLANG_WARN_CONSTANT_CONVERSION = YES;
				CLANG_WARN_DEPRECATED_OBJC_IMPLEMENTATIONS = YES;
				CLANG_WARN_DIRECT_OBJC_ISA_USAGE = YES_ERROR;
				CLANG_WARN_DOCUMENTATION_COMMENTS = YES;
				CLANG_WARN_EMPTY_BODY = YES;
				CLANG_WARN_ENUM_CONVERSION = YES;
				CLANG_WARN_INFINITE_RECURSION = YES;
				CLANG_WARN_INT_CONVERSION = YES;
				CLANG_WARN_NON_LITERAL_NULL_CONVERSION = YES;
				CLANG_WARN_OBJC_IMPLICIT_RETAIN_SELF = YES;
				CLANG_WARN_OBJC_LITERAL_CONVERSION = YES;
				CLANG_WARN_OBJC_ROOT_CLASS = YES_ERROR;
				CLANG_WARN_RANGE_LOOP_ANALYSIS = YES;
				CLANG_WARN_STRICT_PROTOTYPES = YES;
				CLANG_WARN_SUSPICIOUS_MOVE = YES;
				CLANG_WARN_UNGUARDED_AVAILABILITY = YES_AGGRESSIVE;
				CLANG_WARN_UNREACHABLE_CODE = YES;
				CLANG_WARN__DUPLICATE_METHOD_MATCH = YES;
				COPY_PHASE_STRIP = NO;
				DEBUG_INFORMATION_FORMAT = dwarf;
				ENABLE_STRICT_OBJC_MSGSEND = YES;
				ENABLE_TESTABILITY = YES;
				GCC_C_LANGUAGE_STANDARD = gnu11;
				GCC_DYNAMIC_NO_PIC = NO;
				GCC_NO_COMMON_BLOCKS = YES;
				GCC_OPTIMIZATION_LEVEL = 0;
				GCC_PREPROCESSOR_DEFINITIONS = (
					"DEBUG=1",
					"$(inherited)",
				);
				GCC_WARN_64_TO_32_BIT_CONVERSION = YES;
				GCC_WARN_ABOUT_RETURN_TYPE = YES_ERROR;
				GCC_WARN_UNDECLARED_SELECTOR = YES;
				GCC_WARN_UNINITIALIZED_AUTOS = YES_AGGRESSIVE;
				GCC_WARN_UNUSED_FUNCTION = YES;
				GCC_WARN_UNUSED_VARIABLE = YES;
				IPHONEOS_DEPLOYMENT_TARGET = 13.4;
				MTL_ENABLE_DEBUG_INFO = INCLUDE_SOURCE;
				MTL_FAST_MATH = YES;
				ONLY_ACTIVE_ARCH = YES;
				SDKROOT = iphoneos;
				SWIFT_ACTIVE_COMPILATION_CONDITIONS = DEBUG;
				SWIFT_OPTIMIZATION_LEVEL = "-Onone";
			};
			name = Debug;
		};
		208D45EA244930BD003F704E /* Release */ = {
			isa = XCBuildConfiguration;
			buildSettings = {
				ALWAYS_SEARCH_USER_PATHS = NO;
				CLANG_ANALYZER_NONNULL = YES;
				CLANG_ANALYZER_NUMBER_OBJECT_CONVERSION = YES_AGGRESSIVE;
				CLANG_CXX_LANGUAGE_STANDARD = "gnu++14";
				CLANG_CXX_LIBRARY = "libc++";
				CLANG_ENABLE_MODULES = YES;
				CLANG_ENABLE_OBJC_ARC = YES;
				CLANG_ENABLE_OBJC_WEAK = YES;
				CLANG_WARN_BLOCK_CAPTURE_AUTORELEASING = YES;
				CLANG_WARN_BOOL_CONVERSION = YES;
				CLANG_WARN_COMMA = YES;
				CLANG_WARN_CONSTANT_CONVERSION = YES;
				CLANG_WARN_DEPRECATED_OBJC_IMPLEMENTATIONS = YES;
				CLANG_WARN_DIRECT_OBJC_ISA_USAGE = YES_ERROR;
				CLANG_WARN_DOCUMENTATION_COMMENTS = YES;
				CLANG_WARN_EMPTY_BODY = YES;
				CLANG_WARN_ENUM_CONVERSION = YES;
				CLANG_WARN_INFINITE_RECURSION = YES;
				CLANG_WARN_INT_CONVERSION = YES;
				CLANG_WARN_NON_LITERAL_NULL_CONVERSION = YES;
				CLANG_WARN_OBJC_IMPLICIT_RETAIN_SELF = YES;
				CLANG_WARN_OBJC_LITERAL_CONVERSION = YES;
				CLANG_WARN_OBJC_ROOT_CLASS = YES_ERROR;
				CLANG_WARN_RANGE_LOOP_ANALYSIS = YES;
				CLANG_WARN_STRICT_PROTOTYPES = YES;
				CLANG_WARN_SUSPICIOUS_MOVE = YES;
				CLANG_WARN_UNGUARDED_AVAILABILITY = YES_AGGRESSIVE;
				CLANG_WARN_UNREACHABLE_CODE = YES;
				CLANG_WARN__DUPLICATE_METHOD_MATCH = YES;
				COPY_PHASE_STRIP = NO;
				DEBUG_INFORMATION_FORMAT = "dwarf-with-dsym";
				ENABLE_NS_ASSERTIONS = NO;
				ENABLE_STRICT_OBJC_MSGSEND = YES;
				GCC_C_LANGUAGE_STANDARD = gnu11;
				GCC_NO_COMMON_BLOCKS = YES;
				GCC_WARN_64_TO_32_BIT_CONVERSION = YES;
				GCC_WARN_ABOUT_RETURN_TYPE = YES_ERROR;
				GCC_WARN_UNDECLARED_SELECTOR = YES;
				GCC_WARN_UNINITIALIZED_AUTOS = YES_AGGRESSIVE;
				GCC_WARN_UNUSED_FUNCTION = YES;
				GCC_WARN_UNUSED_VARIABLE = YES;
				IPHONEOS_DEPLOYMENT_TARGET = 13.4;
				MTL_ENABLE_DEBUG_INFO = NO;
				MTL_FAST_MATH = YES;
				SDKROOT = iphoneos;
				SWIFT_COMPILATION_MODE = wholemodule;
				SWIFT_OPTIMIZATION_LEVEL = "-O";
				VALIDATE_PRODUCT = YES;
			};
			name = Release;
		};
		208D45EC244930BD003F704E /* Debug */ = {
			isa = XCBuildConfiguration;
			buildSettings = {
				ASSETCATALOG_COMPILER_APPICON_NAME = AppIcon;
				CODE_SIGN_STYLE = Automatic;
				INFOPLIST_FILE = "iOS Setup/Info.plist";
				LD_RUNPATH_SEARCH_PATHS = (
					"$(inherited)",
					"@executable_path/Frameworks",
				);
				PRODUCT_BUNDLE_IDENTIFIER = "-2345.iOS-Setup";
				PRODUCT_NAME = "$(TARGET_NAME)";
				SWIFT_VERSION = 5.0;
				TARGETED_DEVICE_FAMILY = "1,2";
			};
			name = Debug;
		};
		208D45ED244930BD003F704E /* Release */ = {
			isa = XCBuildConfiguration;
			buildSettings = {
				ASSETCATALOG_COMPILER_APPICON_NAME = AppIcon;
				CODE_SIGN_STYLE = Automatic;
				INFOPLIST_FILE = "iOS Setup/Info.plist";
				LD_RUNPATH_SEARCH_PATHS = (
					"$(inherited)",
					"@executable_path/Frameworks",
				);
				PRODUCT_BUNDLE_IDENTIFIER = "-2345.iOS-Setup";
				PRODUCT_NAME = "$(TARGET_NAME)";
				SWIFT_VERSION = 5.0;
				TARGETED_DEVICE_FAMILY = "1,2";
			};
			name = Release;
		};
/* End XCBuildConfiguration section */

/* Begin XCConfigurationList section */
		208D45D2244930BB003F704E /* Build configuration list for PBXProject "iOS Setup" */ = {
			isa = XCConfigurationList;
			buildConfigurations = (
				208D45E9244930BD003F704E /* Debug */,
				208D45EA244930BD003F704E /* Release */,
			);
			defaultConfigurationIsVisible = 0;
			defaultConfigurationName = Release;
		};
		208D45EB244930BD003F704E /* Build configuration list for PBXNativeTarget "iOS Setup" */ = {
			isa = XCConfigurationList;
			buildConfigurations = (
				208D45EC244930BD003F704E /* Debug */,
				208D45ED244930BD003F704E /* Release */,
			);
			defaultConfigurationIsVisible = 0;
			defaultConfigurationName = Release;
		};
/* End XCConfigurationList section */
	};
	rootObject = 208D45CF244930BB003F704E /* Project object */;
}
